# THIS IS AN AUTOGENERATED FILE. DO NOT EDIT THIS FILE DIRECTLY.
# yarn lockfile v1


"@opentok/client@^2.26.1":
  version "2.26.1"
  resolved "https://registry.yarnpkg.com/@opentok/client/-/client-2.26.1.tgz#cf48614ebbd19e1e728ae0ea7eb8f68e6df3e9d6"
  integrity sha512-THaf6nJj6vJ/xbcne090tAPF65rYkflfh7BY/FcB4B/aGM5X9riFR3awwz1LttAqgAuVxUZ3BfTqUE4vgiOFlw==

flatpickr@^4.6.13:
  version "4.6.13"
  resolved "https://registry.npmjs.org/flatpickr/-/flatpickr-4.6.13.tgz"
  integrity sha512-97PMG/aywoYpB4IvbvUJi0RQi8vearvU0oov1WW3k0WZPBMrTQVqekSX5CjSG/M4Q3i6A/0FKXC7RyAoAUUSPw==

opentok@^1.0.2:
  version "1.0.2"
  resolved "https://registry.npmjs.org/opentok/-/opentok-1.0.2.tgz"
  integrity sha512-FhaDKv/zftjvrO5Q88coMKk7cfF9qXR0XdplbD27hGy7rkB9PqMstAVYyHpBCdO/r4rwbP8Of7WZ82L6+F8BEQ==
